
Microsoft Visual Studio Solution File, Format Version 12.00
# Visual Studio Version 17
VisualStudioVersion = 17.4.33403.182
MinimumVisualStudioVersion = 10.0.40219.1
Project("{FAE04EC0-301F-11D3-BF4B-00C04F79EFBC}") = "MalevTest", "MalevTest\MalevTest.csproj", "{D0B452F0-7F51-4633-B742-CF94625DEB4A}"
EndProject
Project("{FAE04EC0-301F-11D3-BF4B-00C04F79EFBC}") = "UnitTest", "UnitTest\UnitTest.csproj", "{2489D537-2A3B-435E-8977-052B8BE703CF}"
EndProject
Global
	GlobalSection(SolutionConfigurationPlatforms) = preSolution
		Debug|Any CPU = Debug|Any CPU
		Release|Any CPU = Release|Any CPU
	EndGlobalSection
	GlobalSection(ProjectConfigurationPlatforms) = postSolution
		{D0B452F0-7F51-4633-B742-CF94625DEB4A}.Debug|Any CPU.ActiveCfg = Debug|Any CPU
		{D0B452F0-7F51-4633-B742-CF94625DEB4A}.Debug|Any CPU.Build.0 = Debug|Any CPU
		{D0B452F0-7F51-4633-B742-CF94625DEB4A}.Release|Any CPU.ActiveCfg = Release|Any CPU
		{D0B452F0-7F51-4633-B742-CF94625DEB4A}.Release|Any CPU.Build.0 = Release|Any CPU
		{2489D537-2A3B-435E-8977-052B8BE703CF}.Debug|Any CPU.ActiveCfg = Debug|Any CPU
		{2489D537-2A3B-435E-8977-052B8BE703CF}.Debug|Any CPU.Build.0 = Debug|Any CPU
		{2489D537-2A3B-435E-8977-052B8BE703CF}.Release|Any CPU.ActiveCfg = Release|Any CPU
		{2489D537-2A3B-435E-8977-052B8BE703CF}.Release|Any CPU.Build.0 = Release|Any CPU
	EndGlobalSection
	GlobalSection(SolutionProperties) = preSolution
		HideSolutionNode = FALSE
	EndGlobalSection
	GlobalSection(ExtensibilityGlobals) = postSolution
		SolutionGuid = {D54DB54B-CC81-478D-8B99-D2C5D7AE2683}
	EndGlobalSection
EndGlobal
